
Microsoft Visual Studio Solution File, Format Version 12.00
# Visual Studio Version 17
VisualStudioVersion = 17.14.36127.28 d17.14
MinimumVisualStudioVersion = 10.0.40219.1
Project("{FAE04EC0-301F-11D3-BF4B-00C04F79EFBC}") = "dcit318-assignment2-11024515", "dcit318-assignment2-11024515.csproj", "{8F523815-948F-4EE2-8B18-8707E4C6CBE9}"
EndProject
Global
	GlobalSection(SolutionConfigurationPlatforms) = preSolution
		Debug|Any CPU = Debug|Any CPU
		Release|Any CPU = Release|Any CPU
	EndGlobalSection
	GlobalSection(ProjectConfigurationPlatforms) = postSolution
		{8F523815-948F-4EE2-8B18-8707E4C6CBE9}.Debug|Any CPU.ActiveCfg = Debug|Any CPU
		{8F523815-948F-4EE2-8B18-8707E4C6CBE9}.Debug|Any CPU.Build.0 = Debug|Any CPU
		{8F523815-948F-4EE2-8B18-8707E4C6CBE9}.Release|Any CPU.ActiveCfg = Release|Any CPU
		{8F523815-948F-4EE2-8B18-8707E4C6CBE9}.Release|Any CPU.Build.0 = Release|Any CPU
	EndGlobalSection
	GlobalSection(SolutionProperties) = preSolution
		HideSolutionNode = FALSE
	EndGlobalSection
	GlobalSection(ExtensibilityGlobals) = postSolution
		SolutionGuid = {F3F074E5-8E24-4391-9E21-EA92A18A86A5}
	EndGlobalSection
EndGlobal
